
Microsoft Visual Studio Solution File, Format Version 12.00
# Visual Studio 2013
VisualStudioVersion = 12.0.21005.1
MinimumVisualStudioVersion = 10.0.40219.1
Project("{2150E333-8FDC-42A3-9474-1A3956D46DE8}") = "Homework", "Homework", "{25EEF33F-07F6-4821-BFA5-D021D4881AB2}"
EndProject
Project("{2150E333-8FDC-42A3-9474-1A3956D46DE8}") = "Labs", "Labs", "{8249938F-707C-4F39-96CD-B154CC522416}"
EndProject
Project("{2150E333-8FDC-42A3-9474-1A3956D46DE8}") = "Libraries", "Libraries", "{333DC53A-5266-45BD-AE30-B15CDC44125A}"
EndProject
Project("{8BC9CEB8-8B4A-11D0-8D11-00A0C91BC942}") = "HW1", "Homework\HW1\HW1.vcxproj", "{C21FB01A-C99E-4309-9A98-12CB538BA22F}"
EndProject
Project("{8BC9CEB8-8B4A-11D0-8D11-00A0C91BC942}") = "HW2", "Homework\HW2\HW2.vcxproj", "{9374E8A6-10E9-476D-B6A7-F7ED78A7BC77}"
EndProject
Project("{8BC9CEB8-8B4A-11D0-8D11-00A0C91BC942}") = "HW3", "Homework\HW3\HW3.vcxproj", "{CA62ABA6-655C-40BF-BA9C-1EDE7967DDD3}"
EndProject
Project("{8BC9CEB8-8B4A-11D0-8D11-00A0C91BC942}") = "Lab1", "Labs\lab1\Lab1.vcxproj", "{D11849C7-F7AB-436E-99EE-DD5153E93420}"
EndProject
Project("{8BC9CEB8-8B4A-11D0-8D11-00A0C91BC942}") = "Lab2", "Labs\Lab2\Lab2.vcxproj", "{F8103FB5-F59A-40D0-AD8E-21207F8E4976}"
EndProject
Project("{8BC9CEB8-8B4A-11D0-8D11-00A0C91BC942}") = "Lab3", "Labs\Lab3\Lab3.vcxproj", "{2A1BB65A-8BBA-4B22-8FD2-45780201D825}"
EndProject
Project("{8BC9CEB8-8B4A-11D0-8D11-00A0C91BC942}") = "Lab4", "Labs\Lab4\Lab4.vcxproj", "{5EB60880-C5EC-4F82-B658-6FC2CECE703F}"
EndProject
Project("{8BC9CEB8-8B4A-11D0-8D11-00A0C91BC942}") = "Lab5", "Labs\Lab5\Lab5.vcxproj", "{EB7C73E7-E1CA-4A32-A6FF-A7984142F414}"
EndProject
Project("{8BC9CEB8-8B4A-11D0-8D11-00A0C91BC942}") = "Lab6", "Labs\Lab6\Lab6.vcxproj", "{C3FCF39F-A1D7-4F44-8914-804B8DC09A00}"
EndProject
Project("{8BC9CEB8-8B4A-11D0-8D11-00A0C91BC942}") = "Lab7", "Labs\Lab7\Lab7.vcxproj", "{CA46D5E9-1A91-4E3E-A201-24DAB367F4C1}"
EndProject
Project("{8BC9CEB8-8B4A-11D0-8D11-00A0C91BC942}") = "IO_Helper", "Libraries\Inproved_IO\Inproved_IO.vcxproj", "{BBB6DC51-8503-408A-9CCC-C4B3956E9883}"
EndProject
Project("{8BC9CEB8-8B4A-11D0-8D11-00A0C91BC942}") = "Lab8", "Labs\Lab8\Lab8.vcxproj", "{1689CDF3-7DA4-4680-B5C8-453F2CE9C747}"
EndProject
Global
	GlobalSection(SolutionConfigurationPlatforms) = preSolution
		Debug|Win32 = Debug|Win32
		Release|Win32 = Release|Win32
	EndGlobalSection
	GlobalSection(ProjectConfigurationPlatforms) = postSolution
		{C21FB01A-C99E-4309-9A98-12CB538BA22F}.Debug|Win32.ActiveCfg = Debug|Win32
		{C21FB01A-C99E-4309-9A98-12CB538BA22F}.Debug|Win32.Build.0 = Debug|Win32
		{C21FB01A-C99E-4309-9A98-12CB538BA22F}.Release|Win32.ActiveCfg = Release|Win32
		{C21FB01A-C99E-4309-9A98-12CB538BA22F}.Release|Win32.Build.0 = Release|Win32
		{9374E8A6-10E9-476D-B6A7-F7ED78A7BC77}.Debug|Win32.ActiveCfg = Debug|Win32
		{9374E8A6-10E9-476D-B6A7-F7ED78A7BC77}.Debug|Win32.Build.0 = Debug|Win32
		{9374E8A6-10E9-476D-B6A7-F7ED78A7BC77}.Release|Win32.ActiveCfg = Release|Win32
		{9374E8A6-10E9-476D-B6A7-F7ED78A7BC77}.Release|Win32.Build.0 = Release|Win32
		{CA62ABA6-655C-40BF-BA9C-1EDE7967DDD3}.Debug|Win32.ActiveCfg = Debug|Win32
		{CA62ABA6-655C-40BF-BA9C-1EDE7967DDD3}.Debug|Win32.Build.0 = Debug|Win32
		{CA62ABA6-655C-40BF-BA9C-1EDE7967DDD3}.Release|Win32.ActiveCfg = Release|Win32
		{CA62ABA6-655C-40BF-BA9C-1EDE7967DDD3}.Release|Win32.Build.0 = Release|Win32
		{D11849C7-F7AB-436E-99EE-DD5153E93420}.Debug|Win32.ActiveCfg = Debug|Win32
		{D11849C7-F7AB-436E-99EE-DD5153E93420}.Debug|Win32.Build.0 = Debug|Win32
		{D11849C7-F7AB-436E-99EE-DD5153E93420}.Release|Win32.ActiveCfg = Release|Win32
		{D11849C7-F7AB-436E-99EE-DD5153E93420}.Release|Win32.Build.0 = Release|Win32
		{F8103FB5-F59A-40D0-AD8E-21207F8E4976}.Debug|Win32.ActiveCfg = Debug|Win32
		{F8103FB5-F59A-40D0-AD8E-21207F8E4976}.Debug|Win32.Build.0 = Debug|Win32
		{F8103FB5-F59A-40D0-AD8E-21207F8E4976}.Release|Win32.ActiveCfg = Release|Win32
		{F8103FB5-F59A-40D0-AD8E-21207F8E4976}.Release|Win32.Build.0 = Release|Win32
		{2A1BB65A-8BBA-4B22-8FD2-45780201D825}.Debug|Win32.ActiveCfg = Debug|Win32
		{2A1BB65A-8BBA-4B22-8FD2-45780201D825}.Debug|Win32.Build.0 = Debug|Win32
		{2A1BB65A-8BBA-4B22-8FD2-45780201D825}.Release|Win32.ActiveCfg = Release|Win32
		{2A1BB65A-8BBA-4B22-8FD2-45780201D825}.Release|Win32.Build.0 = Release|Win32
		{5EB60880-C5EC-4F82-B658-6FC2CECE703F}.Debug|Win32.ActiveCfg = Debug|Win32
		{5EB60880-C5EC-4F82-B658-6FC2CECE703F}.Debug|Win32.Build.0 = Debug|Win32
		{5EB60880-C5EC-4F82-B658-6FC2CECE703F}.Release|Win32.ActiveCfg = Release|Win32
		{5EB60880-C5EC-4F82-B658-6FC2CECE703F}.Release|Win32.Build.0 = Release|Win32
		{EB7C73E7-E1CA-4A32-A6FF-A7984142F414}.Debug|Win32.ActiveCfg = Debug|Win32
		{EB7C73E7-E1CA-4A32-A6FF-A7984142F414}.Debug|Win32.Build.0 = Debug|Win32
		{EB7C73E7-E1CA-4A32-A6FF-A7984142F414}.Release|Win32.ActiveCfg = Release|Win32
		{EB7C73E7-E1CA-4A32-A6FF-A7984142F414}.Release|Win32.Build.0 = Release|Win32
		{C3FCF39F-A1D7-4F44-8914-804B8DC09A00}.Debug|Win32.ActiveCfg = Debug|Win32
		{C3FCF39F-A1D7-4F44-8914-804B8DC09A00}.Debug|Win32.Build.0 = Debug|Win32
		{C3FCF39F-A1D7-4F44-8914-804B8DC09A00}.Release|Win32.ActiveCfg = Release|Win32
		{C3FCF39F-A1D7-4F44-8914-804B8DC09A00}.Release|Win32.Build.0 = Release|Win32
		{CA46D5E9-1A91-4E3E-A201-24DAB367F4C1}.Debug|Win32.ActiveCfg = Debug|Win32
		{CA46D5E9-1A91-4E3E-A201-24DAB367F4C1}.Debug|Win32.Build.0 = Debug|Win32
		{CA46D5E9-1A91-4E3E-A201-24DAB367F4C1}.Release|Win32.ActiveCfg = Release|Win32
		{CA46D5E9-1A91-4E3E-A201-24DAB367F4C1}.Release|Win32.Build.0 = Release|Win32
		{BBB6DC51-8503-408A-9CCC-C4B3956E9883}.Debug|Win32.ActiveCfg = Debug|Win32
		{BBB6DC51-8503-408A-9CCC-C4B3956E9883}.Debug|Win32.Build.0 = Debug|Win32
		{BBB6DC51-8503-408A-9CCC-C4B3956E9883}.Release|Win32.ActiveCfg = Release|Win32
		{BBB6DC51-8503-408A-9CCC-C4B3956E9883}.Release|Win32.Build.0 = Release|Win32
		{1689CDF3-7DA4-4680-B5C8-453F2CE9C747}.Debug|Win32.ActiveCfg = Debug|Win32
		{1689CDF3-7DA4-4680-B5C8-453F2CE9C747}.Debug|Win32.Build.0 = Debug|Win32
		{1689CDF3-7DA4-4680-B5C8-453F2CE9C747}.Release|Win32.ActiveCfg = Release|Win32
		{1689CDF3-7DA4-4680-B5C8-453F2CE9C747}.Release|Win32.Build.0 = Release|Win32
	EndGlobalSection
	GlobalSection(SolutionProperties) = preSolution
		HideSolutionNode = FALSE
	EndGlobalSection
	GlobalSection(NestedProjects) = preSolution
		{C21FB01A-C99E-4309-9A98-12CB538BA22F} = {25EEF33F-07F6-4821-BFA5-D021D4881AB2}
		{9374E8A6-10E9-476D-B6A7-F7ED78A7BC77} = {25EEF33F-07F6-4821-BFA5-D021D4881AB2}
		{CA62ABA6-655C-40BF-BA9C-1EDE7967DDD3} = {25EEF33F-07F6-4821-BFA5-D021D4881AB2}
		{D11849C7-F7AB-436E-99EE-DD5153E93420} = {8249938F-707C-4F39-96CD-B154CC522416}
		{F8103FB5-F59A-40D0-AD8E-21207F8E4976} = {8249938F-707C-4F39-96CD-B154CC522416}
		{2A1BB65A-8BBA-4B22-8FD2-45780201D825} = {8249938F-707C-4F39-96CD-B154CC522416}
		{5EB60880-C5EC-4F82-B658-6FC2CECE703F} = {8249938F-707C-4F39-96CD-B154CC522416}
		{EB7C73E7-E1CA-4A32-A6FF-A7984142F414} = {8249938F-707C-4F39-96CD-B154CC522416}
		{C3FCF39F-A1D7-4F44-8914-804B8DC09A00} = {8249938F-707C-4F39-96CD-B154CC522416}
		{CA46D5E9-1A91-4E3E-A201-24DAB367F4C1} = {8249938F-707C-4F39-96CD-B154CC522416}
		{1689CDF3-7DA4-4680-B5C8-453F2CE9C747} = {8249938F-707C-4F39-96CD-B154CC522416}
		{BBB6DC51-8503-408A-9CCC-C4B3956E9883} = {333DC53A-5266-45BD-AE30-B15CDC44125A}
	EndGlobalSection
EndGlobal
